// !$*UTF8*$!
{
	archiveVersion = 1;
	classes = {
	};
	objectVersion = 46;
	objects = {

/* Begin PBXBuildFile section */
		168DED43164D081600176F23 /* db.sql in Resources */ = {isa = PBXBuildFile; fileRef = 168DED42164D081600176F23 /* db.sql */; };
		169ECF5F1649135800BC4E17 /* record2.png in Resources */ = {isa = PBXBuildFile; fileRef = 169ECF5E1649135800BC4E17 /* record2.png */; };
		16A3EA691647DB37007C54CB /* UIKit.framework in Frameworks */ = {isa = PBXBuildFile; fileRef = 16A3EA681647DB37007C54CB /* UIKit.framework */; };
		16A3EA6B1647DB37007C54CB /* Foundation.framework in Frameworks */ = {isa = PBXBuildFile; fileRef = 16A3EA6A1647DB37007C54CB /* Foundation.framework */; };
		16A3EA6D1647DB37007C54CB /* CoreGraphics.framework in Frameworks */ = {isa = PBXBuildFile; fileRef = 16A3EA6C1647DB37007C54CB /* CoreGraphics.framework */; };
		16A3EA731647DB37007C54CB /* InfoPlist.strings in Resources */ = {isa = PBXBuildFile; fileRef = 16A3EA711647DB37007C54CB /* InfoPlist.strings */; };
		16A3EA751647DB37007C54CB /* main.m in Sources */ = {isa = PBXBuildFile; fileRef = 16A3EA741647DB37007C54CB /* main.m */; };
		16A3EA791647DB37007C54CB /* bPAppDelegate.m in Sources */ = {isa = PBXBuildFile; fileRef = 16A3EA781647DB37007C54CB /* bPAppDelegate.m */; };
		16A3EA7B1647DB37007C54CB /* Default.png in Resources */ = {isa = PBXBuildFile; fileRef = 16A3EA7A1647DB37007C54CB /* Default.png */; };
		16A3EA7D1647DB37007C54CB /* Default@2x.png in Resources */ = {isa = PBXBuildFile; fileRef = 16A3EA7C1647DB37007C54CB /* Default@2x.png */; };
		16A3EA7F1647DB37007C54CB /* Default-568h@2x.png in Resources */ = {isa = PBXBuildFile; fileRef = 16A3EA7E1647DB37007C54CB /* Default-568h@2x.png */; };
		16A3EA821647DB37007C54CB /* MainStoryboard.storyboard in Resources */ = {isa = PBXBuildFile; fileRef = 16A3EA801647DB37007C54CB /* MainStoryboard.storyboard */; };
		16A3EA851647DB37007C54CB /* bPMainViewController.m in Sources */ = {isa = PBXBuildFile; fileRef = 16A3EA841647DB37007C54CB /* bPMainViewController.m */; };
		16A3EA881647DB37007C54CB /* bPFlipsideViewController.m in Sources */ = {isa = PBXBuildFile; fileRef = 16A3EA871647DB37007C54CB /* bPFlipsideViewController.m */; };
		16A3EA921647E4CD007C54CB /* libsqlite3.dylib in Frameworks */ = {isa = PBXBuildFile; fileRef = 16A3EA911647E4CD007C54CB /* libsqlite3.dylib */; };
/* End PBXBuildFile section */

/* Begin PBXFileReference section */
		168DED42164D081600176F23 /* db.sql */ = {isa = PBXFileReference; lastKnownFileType = file; path = db.sql; sourceTree = "<group>"; };
		169ECF5E1649135800BC4E17 /* record2.png */ = {isa = PBXFileReference; lastKnownFileType = image.png; path = record2.png; sourceTree = "<group>"; };
		16A3EA641647DB37007C54CB /* bP.app */ = {isa = PBXFileReference; explicitFileType = wrapper.application; includeInIndex = 0; path = bP.app; sourceTree = BUILT_PRODUCTS_DIR; };
		16A3EA681647DB37007C54CB /* UIKit.framework */ = {isa = PBXFileReference; lastKnownFileType = wrapper.framework; name = UIKit.framework; path = System/Library/Frameworks/UIKit.framework; sourceTree = SDKROOT; };
		16A3EA6A1647DB37007C54CB /* Foundation.framework */ = {isa = PBXFileReference; lastKnownFileType = wrapper.framework; name = Foundation.framework; path = System/Library/Frameworks/Foundation.framework; sourceTree = SDKROOT; };
		16A3EA6C1647DB37007C54CB /* CoreGraphics.framework */ = {isa = PBXFileReference; lastKnownFileType = wrapper.framework; name = CoreGraphics.framework; path = System/Library/Frameworks/CoreGraphics.framework; sourceTree = SDKROOT; };
		16A3EA701647DB37007C54CB /* bP-Info.plist */ = {isa = PBXFileReference; lastKnownFileType = text.plist.xml; path = "bP-Info.plist"; sourceTree = "<group>"; };
		16A3EA721647DB37007C54CB /* en */ = {isa = PBXFileReference; lastKnownFileType = text.plist.strings; name = en; path = en.lproj/InfoPlist.strings; sourceTree = "<group>"; };
		16A3EA741647DB37007C54CB /* main.m */ = {isa = PBXFileReference; lastKnownFileType = sourcecode.c.objc; path = main.m; sourceTree = "<group>"; };
		16A3EA761647DB37007C54CB /* bP-Prefix.pch */ = {isa = PBXFileReference; lastKnownFileType = sourcecode.c.h; path = "bP-Prefix.pch"; sourceTree = "<group>"; };
		16A3EA771647DB37007C54CB /* bPAppDelegate.h */ = {isa = PBXFileReference; lastKnownFileType = sourcecode.c.h; path = bPAppDelegate.h; sourceTree = "<group>"; };
		16A3EA781647DB37007C54CB /* bPAppDelegate.m */ = {isa = PBXFileReference; lastKnownFileType = sourcecode.c.objc; path = bPAppDelegate.m; sourceTree = "<group>"; };
		16A3EA7A1647DB37007C54CB /* Default.png */ = {isa = PBXFileReference; lastKnownFileType = image.png; path = Default.png; sourceTree = "<group>"; };
		16A3EA7C1647DB37007C54CB /* Default@2x.png */ = {isa = PBXFileReference; lastKnownFileType = image.png; path = "Default@2x.png"; sourceTree = "<group>"; };
		16A3EA7E1647DB37007C54CB /* Default-568h@2x.png */ = {isa = PBXFileReference; lastKnownFileType = image.png; path = "Default-568h@2x.png"; sourceTree = "<group>"; };
		16A3EA811647DB37007C54CB /* en */ = {isa = PBXFileReference; lastKnownFileType = file.storyboard; name = en; path = en.lproj/MainStoryboard.storyboard; sourceTree = "<group>"; };
		16A3EA831647DB37007C54CB /* bPMainViewController.h */ = {isa = PBXFileReference; lastKnownFileType = sourcecode.c.h; path = bPMainViewController.h; sourceTree = "<group>"; };
		16A3EA841647DB37007C54CB /* bPMainViewController.m */ = {isa = PBXFileReference; lastKnownFileType = sourcecode.c.objc; path = bPMainViewController.m; sourceTree = "<group>"; };
		16A3EA861647DB37007C54CB /* bPFlipsideViewController.h */ = {isa = PBXFileReference; lastKnownFileType = sourcecode.c.h; path = bPFlipsideViewController.h; sourceTree = "<group>"; };
		16A3EA871647DB37007C54CB /* bPFlipsideViewController.m */ = {isa = PBXFileReference; lastKnownFileType = sourcecode.c.objc; path = bPFlipsideViewController.m; sourceTree = "<group>"; };
		16A3EA911647E4CD007C54CB /* libsqlite3.dylib */ = {isa = PBXFileReference; lastKnownFileType = "compiled.mach-o.dylib"; name = libsqlite3.dylib; path = usr/lib/libsqlite3.dylib; sourceTree = SDKROOT; };
/* End PBXFileReference section */

/* Begin PBXFrameworksBuildPhase section */
		16A3EA611647DB37007C54CB /* Frameworks */ = {
			isa = PBXFrameworksBuildPhase;
			buildActionMask = 2147483647;
			files = (
				16A3EA921647E4CD007C54CB /* libsqlite3.dylib in Frameworks */,
				16A3EA691647DB37007C54CB /* UIKit.framework in Frameworks */,
				16A3EA6B1647DB37007C54CB /* Foundation.framework in Frameworks */,
				16A3EA6D1647DB37007C54CB /* CoreGraphics.framework in Frameworks */,
			);
			runOnlyForDeploymentPostprocessing = 0;
		};
/* End PBXFrameworksBuildPhase section */

/* Begin PBXGroup section */
		16A3EA591647DB37007C54CB = {
			isa = PBXGroup;
			children = (
				168DED42164D081600176F23 /* db.sql */,
				169ECF5E1649135800BC4E17 /* record2.png */,
				16A3EA911647E4CD007C54CB /* libsqlite3.dylib */,
				16A3EA6E1647DB37007C54CB /* bP */,
				16A3EA671647DB37007C54CB /* Frameworks */,
				16A3EA651647DB37007C54CB /* Products */,
			);
			sourceTree = "<group>";
		};
		16A3EA651647DB37007C54CB /* Products */ = {
			isa = PBXGroup;
			children = (
				16A3EA641647DB37007C54CB /* bP.app */,
			);
			name = Products;
			sourceTree = "<group>";
		};
		16A3EA671647DB37007C54CB /* Frameworks */ = {
			isa = PBXGroup;
			children = (
				16A3EA681647DB37007C54CB /* UIKit.framework */,
				16A3EA6A1647DB37007C54CB /* Foundation.framework */,
				16A3EA6C1647DB37007C54CB /* CoreGraphics.framework */,
			);
			name = Frameworks;
			sourceTree = "<group>";
		};
		16A3EA6E1647DB37007C54CB /* bP */ = {
			isa = PBXGroup;
			children = (
				16A3EA771647DB37007C54CB /* bPAppDelegate.h */,
				16A3EA781647DB37007C54CB /* bPAppDelegate.m */,
				16A3EA801647DB37007C54CB /* MainStoryboard.storyboard */,
				16A3EA831647DB37007C54CB /* bPMainViewController.h */,
				16A3EA841647DB37007C54CB /* bPMainViewController.m */,
				16A3EA861647DB37007C54CB /* bPFlipsideViewController.h */,
				16A3EA871647DB37007C54CB /* bPFlipsideViewController.m */,
				16A3EA6F1647DB37007C54CB /* Supporting Files */,
			);
			path = bP;
			sourceTree = "<group>";
		};
		16A3EA6F1647DB37007C54CB /* Supporting Files */ = {
			isa = PBXGroup;
			children = (
				16A3EA701647DB37007C54CB /* bP-Info.plist */,
				16A3EA711647DB37007C54CB /* InfoPlist.strings */,
				16A3EA741647DB37007C54CB /* main.m */,
				16A3EA761647DB37007C54CB /* bP-Prefix.pch */,
				16A3EA7A1647DB37007C54CB /* Default.png */,
				16A3EA7C1647DB37007C54CB /* Default@2x.png */,
				16A3EA7E1647DB37007C54CB /* Default-568h@2x.png */,
			);
			name = "Supporting Files";
			sourceTree = "<group>";
		};
/* End PBXGroup section */

/* Begin PBXNativeTarget section */
		16A3EA631647DB37007C54CB /* bP */ = {
			isa = PBXNativeTarget;
			buildConfigurationList = 16A3EA8B1647DB37007C54CB /* Build configuration list for PBXNativeTarget "bP" */;
			buildPhases = (
				16A3EA601647DB37007C54CB /* Sources */,
				16A3EA611647DB37007C54CB /* Frameworks */,
				16A3EA621647DB37007C54CB /* Resources */,
			);
			buildRules = (
			);
			dependencies = (
			);
			name = bP;
			productName = bP;
			productReference = 16A3EA641647DB37007C54CB /* bP.app */;
			productType = "com.apple.product-type.application";
		};
/* End PBXNativeTarget section */

/* Begin PBXProject section */
		16A3EA5B1647DB37007C54CB /* Project object */ = {
			isa = PBXProject;
			attributes = {
				CLASSPREFIX = bP;
				LastUpgradeCheck = 0450;
				ORGANIZATIONNAME = "Samar's Mac ";
			};
			buildConfigurationList = 16A3EA5E1647DB37007C54CB /* Build configuration list for PBXProject "bP" */;
			compatibilityVersion = "Xcode 3.2";
			developmentRegion = English;
			hasScannedForEncodings = 0;
			knownRegions = (
				en,
			);
			mainGroup = 16A3EA591647DB37007C54CB;
			productRefGroup = 16A3EA651647DB37007C54CB /* Products */;
			projectDirPath = "";
			projectRoot = "";
			targets = (
				16A3EA631647DB37007C54CB /* bP */,
			);
		};
/* End PBXProject section */

/* Begin PBXResourcesBuildPhase section */
		16A3EA621647DB37007C54CB /* Resources */ = {
			isa = PBXResourcesBuildPhase;
			buildActionMask = 2147483647;
			files = (
				16A3EA731647DB37007C54CB /* InfoPlist.strings in Resources */,
				16A3EA7B1647DB37007C54CB /* Default.png in Resources */,
				16A3EA7D1647DB37007C54CB /* Default@2x.png in Resources */,
				16A3EA7F1647DB37007C54CB /* Default-568h@2x.png in Resources */,
				16A3EA821647DB37007C54CB /* MainStoryboard.storyboard in Resources */,
				169ECF5F1649135800BC4E17 /* record2.png in Resources */,
				168DED43164D081600176F23 /* db.sql in Resources */,
			);
			runOnlyForDeploymentPostprocessing = 0;
		};
/* End PBXResourcesBuildPhase section */

/* Begin PBXSourcesBuildPhase section */
		16A3EA601647DB37007C54CB /* Sources */ = {
			isa = PBXSourcesBuildPhase;
			buildActionMask = 2147483647;
			files = (
				16A3EA751647DB37007C54CB /* main.m in Sources */,
				16A3EA791647DB37007C54CB /* bPAppDelegate.m in Sources */,
				16A3EA851647DB37007C54CB /* bPMainViewController.m in Sources */,
				16A3EA881647DB37007C54CB /* bPFlipsideViewController.m in Sources */,
			);
			runOnlyForDeploymentPostprocessing = 0;
		};
/* End PBXSourcesBuildPhase section */

/* Begin PBXVariantGroup section */
		16A3EA711647DB37007C54CB /* InfoPlist.strings */ = {
			isa = PBXVariantGroup;
			children = (
				16A3EA721647DB37007C54CB /* en */,
			);
			name = InfoPlist.strings;
			sourceTree = "<group>";
		};
		16A3EA801647DB37007C54CB /* MainStoryboard.storyboard */ = {
			isa = PBXVariantGroup;
			children = (
				16A3EA811647DB37007C54CB /* en */,
			);
			name = MainStoryboard.storyboard;
			sourceTree = "<group>";
		};
/* End PBXVariantGroup section */

/* Begin XCBuildConfiguration section */
		16A3EA891647DB37007C54CB /* Debug */ = {
			isa = XCBuildConfiguration;
			buildSettings = {
				ALWAYS_SEARCH_USER_PATHS = NO;
				CLANG_CXX_LANGUAGE_STANDARD = "gnu++0x";
				CLANG_CXX_LIBRARY = "libc++";
				CLANG_ENABLE_OBJC_ARC = YES;
				CLANG_WARN_EMPTY_BODY = YES;
				CLANG_WARN__DUPLICATE_METHOD_MATCH = YES;
				"CODE_SIGN_IDENTITY[sdk=iphoneos*]" = "iPhone Developer";
				COPY_PHASE_STRIP = NO;
				GCC_C_LANGUAGE_STANDARD = gnu99;
				GCC_DYNAMIC_NO_PIC = NO;
				GCC_OPTIMIZATION_LEVEL = 0;
				GCC_PREPROCESSOR_DEFINITIONS = (
					"DEBUG=1",
					"$(inherited)",
				);
				GCC_SYMBOLS_PRIVATE_EXTERN = NO;
				GCC_WARN_ABOUT_RETURN_TYPE = YES;
				GCC_WARN_UNINITIALIZED_AUTOS = YES;
				GCC_WARN_UNUSED_VARIABLE = YES;
				IPHONEOS_DEPLOYMENT_TARGET = 5.1;
				SDKROOT = iphoneos;
			};
			name = Debug;
		};
		16A3EA8A1647DB37007C54CB /* Release */ = {
			isa = XCBuildConfiguration;
			buildSettings = {
				ALWAYS_SEARCH_USER_PATHS = NO;
				CLANG_CXX_LANGUAGE_STANDARD = "gnu++0x";
				CLANG_CXX_LIBRARY = "libc++";
				CLANG_ENABLE_OBJC_ARC = YES;
				CLANG_WARN_EMPTY_BODY = YES;
				CLANG_WARN__DUPLICATE_METHOD_MATCH = YES;
				"CODE_SIGN_IDENTITY[sdk=iphoneos*]" = "iPhone Developer";
				COPY_PHASE_STRIP = YES;
				GCC_C_LANGUAGE_STANDARD = gnu99;
				GCC_WARN_ABOUT_RETURN_TYPE = YES;
				GCC_WARN_UNINITIALIZED_AUTOS = YES;
				GCC_WARN_UNUSED_VARIABLE = YES;
				IPHONEOS_DEPLOYMENT_TARGET = 5.1;
				OTHER_CFLAGS = "-DNS_BLOCK_ASSERTIONS=1";
				SDKROOT = iphoneos;
				VALIDATE_PRODUCT = YES;
			};
			name = Release;
		};
		16A3EA8C1647DB37007C54CB /* Debug */ = {
			isa = XCBuildConfiguration;
			buildSettings = {
				GCC_PRECOMPILE_PREFIX_HEADER = YES;
				GCC_PREFIX_HEADER = "bP/bP-Prefix.pch";
				INFOPLIST_FILE = "bP/bP-Info.plist";
				IPHONEOS_DEPLOYMENT_TARGET = 6.0;
				PRODUCT_NAME = "$(TARGET_NAME)";
				WRAPPER_EXTENSION = app;
			};
			name = Debug;
		};
		16A3EA8D1647DB37007C54CB /* Release */ = {
			isa = XCBuildConfiguration;
			buildSettings = {
				GCC_PRECOMPILE_PREFIX_HEADER = YES;
				GCC_PREFIX_HEADER = "bP/bP-Prefix.pch";
				INFOPLIST_FILE = "bP/bP-Info.plist";
				IPHONEOS_DEPLOYMENT_TARGET = 6.0;
				PRODUCT_NAME = "$(TARGET_NAME)";
				WRAPPER_EXTENSION = app;
			};
			name = Release;
		};
/* End XCBuildConfiguration section */

/* Begin XCConfigurationList section */
		16A3EA5E1647DB37007C54CB /* Build configuration list for PBXProject "bP" */ = {
			isa = XCConfigurationList;
			buildConfigurations = (
				16A3EA891647DB37007C54CB /* Debug */,
				16A3EA8A1647DB37007C54CB /* Release */,
			);
			defaultConfigurationIsVisible = 0;
			defaultConfigurationName = Release;
		};
		16A3EA8B1647DB37007C54CB /* Build configuration list for PBXNativeTarget "bP" */ = {
			isa = XCConfigurationList;
			buildConfigurations = (
				16A3EA8C1647DB37007C54CB /* Debug */,
				16A3EA8D1647DB37007C54CB /* Release */,
			);
			defaultConfigurationIsVisible = 0;
			defaultConfigurationName = Release;
		};
/* End XCConfigurationList section */
	};
	rootObject = 16A3EA5B1647DB37007C54CB /* Project object */;
}
